
Microsoft Visual Studio Solution File, Format Version 12.00
# Visual Studio Version 16
VisualStudioVersion = 16.0.31321.278
MinimumVisualStudioVersion = 10.0.40219.1
Project("{FAE04EC0-301F-11D3-BF4B-00C04F79EFBC}") = "PracticalJwt.API", "PracticalJwt.API\PracticalJwt.API.csproj", "{D4E6C095-7FC3-4D9E-850D-456A517C76E5}"
EndProject
Project("{FAE04EC0-301F-11D3-BF4B-00C04F79EFBC}") = "PracticalJwt.Application", "PracticalJwt.Application\PracticalJwt.Application.csproj", "{FA97802C-D3B2-436E-BD07-3051072C2033}"
EndProject
Project("{FAE04EC0-301F-11D3-BF4B-00C04F79EFBC}") = "PracticalJwt.Domain", "PracticalJwt.Domain\PracticalJwt.Domain.csproj", "{6DAB98DB-095E-44AB-B6D0-57CC3E0464A2}"
EndProject
Global
	GlobalSection(SolutionConfigurationPlatforms) = preSolution
		Debug|Any CPU = Debug|Any CPU
		Release|Any CPU = Release|Any CPU
	EndGlobalSection
	GlobalSection(ProjectConfigurationPlatforms) = postSolution
		{D4E6C095-7FC3-4D9E-850D-456A517C76E5}.Debug|Any CPU.ActiveCfg = Debug|Any CPU
		{D4E6C095-7FC3-4D9E-850D-456A517C76E5}.Debug|Any CPU.Build.0 = Debug|Any CPU
		{D4E6C095-7FC3-4D9E-850D-456A517C76E5}.Release|Any CPU.ActiveCfg = Release|Any CPU
		{D4E6C095-7FC3-4D9E-850D-456A517C76E5}.Release|Any CPU.Build.0 = Release|Any CPU
		{FA97802C-D3B2-436E-BD07-3051072C2033}.Debug|Any CPU.ActiveCfg = Debug|Any CPU
		{FA97802C-D3B2-436E-BD07-3051072C2033}.Debug|Any CPU.Build.0 = Debug|Any CPU
		{FA97802C-D3B2-436E-BD07-3051072C2033}.Release|Any CPU.ActiveCfg = Release|Any CPU
		{FA97802C-D3B2-436E-BD07-3051072C2033}.Release|Any CPU.Build.0 = Release|Any CPU
		{6DAB98DB-095E-44AB-B6D0-57CC3E0464A2}.Debug|Any CPU.ActiveCfg = Debug|Any CPU
		{6DAB98DB-095E-44AB-B6D0-57CC3E0464A2}.Debug|Any CPU.Build.0 = Debug|Any CPU
		{6DAB98DB-095E-44AB-B6D0-57CC3E0464A2}.Release|Any CPU.ActiveCfg = Release|Any CPU
		{6DAB98DB-095E-44AB-B6D0-57CC3E0464A2}.Release|Any CPU.Build.0 = Release|Any CPU
	EndGlobalSection
	GlobalSection(SolutionProperties) = preSolution
		HideSolutionNode = FALSE
	EndGlobalSection
	GlobalSection(ExtensibilityGlobals) = postSolution
		SolutionGuid = {73E42BC6-ADB4-4A3E-A173-2E6A330549BF}
	EndGlobalSection
EndGlobal
